
Microsoft Visual Studio Solution File, Format Version 12.00
# Visual Studio Version 16
VisualStudioVersion = 16.0.28803.452
MinimumVisualStudioVersion = 10.0.40219.1
Project("{FAE04EC0-301F-11D3-BF4B-00C04F79EFBC}") = "Aplicasion1", "Aplicasion1\Aplicasion1.csproj", "{C5BCBE34-60D6-4797-ACE9-CFF03542FCD7}"
EndProject
Global
	GlobalSection(SolutionConfigurationPlatforms) = preSolution
		Debug|Any CPU = Debug|Any CPU
		Release|Any CPU = Release|Any CPU
	EndGlobalSection
	GlobalSection(ProjectConfigurationPlatforms) = postSolution
		{C5BCBE34-60D6-4797-ACE9-CFF03542FCD7}.Debug|Any CPU.ActiveCfg = Debug|Any CPU
		{C5BCBE34-60D6-4797-ACE9-CFF03542FCD7}.Debug|Any CPU.Build.0 = Debug|Any CPU
		{C5BCBE34-60D6-4797-ACE9-CFF03542FCD7}.Release|Any CPU.ActiveCfg = Release|Any CPU
		{C5BCBE34-60D6-4797-ACE9-CFF03542FCD7}.Release|Any CPU.Build.0 = Release|Any CPU
	EndGlobalSection
	GlobalSection(SolutionProperties) = preSolution
		HideSolutionNode = FALSE
	EndGlobalSection
	GlobalSection(ExtensibilityGlobals) = postSolution
		SolutionGuid = {F65D2296-A02F-48CF-8495-23A886BFA344}
	EndGlobalSection
EndGlobal
